lockfileVersion: '9.0'

settings:
  autoInstallPeers: true
  excludeLinksFromLockfile: false

importers:

  .:
    dependencies:
      '@lexical/react':
        specifier: 0.17.0
        version: 0.17.0(react-dom@18.3.1(react@18.3.1))(react@18.3.1)(yjs@13.6.18)
      '@lexical/utils':
        specifier: 0.17.0
        version: 0.17.0
      '@lexical/yjs':
        specifier: 0.17.0
        version: 0.17.0(yjs@13.6.18)
      '@liveblocks/client':
        specifier: 2.5.2
        version: 2.5.2
      '@liveblocks/node':
        specifier: 2.5.2
        version: 2.5.2
      '@liveblocks/react':
        specifier: 2.5.2
        version: 2.5.2(react@18.3.1)
      '@liveblocks/yjs':
        specifier: 2.5.2
        version: 2.5.2(yjs@13.6.18)
      '@radix-ui/react-toolbar':
        specifier: 1.1.0
        version: 1.1.0(@types/react-dom@18.3.0)(@types/react@18.3.4)(react-dom@18.3.1(react@18.3.1))(react@18.3.1)
      lexical:
        specifier: 0.17.0
        version: 0.17.0
      next:
        specifier: 14.2.5
        version: 14.2.5(react-dom@18.3.1(react@18.3.1))(react@18.3.1)
      react:
        specifier: 18.3.1
        version: 18.3.1
      react-dom:
        specifier: 18.3.1
        version: 18.3.1(react@18.3.1)
      yjs:
        specifier: 13.6.18
        version: 13.6.18
    devDependencies:
      '@biomejs/biome':
        specifier: 1.8.3
        version: 1.8.3
      '@types/node':
        specifier: 20.14.12
        version: 20.14.12
      '@types/react':
        specifier: 18.3.4
        version: 18.3.4
      '@types/react-dom':
        specifier: 18.3.0
        version: 18.3.0
      typescript:
        specifier: 5.5.4
        version: 5.5.4

packages:

  '@babel/runtime@7.25.0':
    resolution: {integrity: sha512-7dRy4DwXwtzBrPbZflqxnvfxLF8kdZXPkhymtDeFoFqE6ldzjQFgYTtYIFARcLEYDrqfBfYcZt1WqFxRoyC9Rw==}
    engines: {node: '>=6.9.0'}

  '@biomejs/biome@1.8.3':
    resolution: {integrity: sha512-/uUV3MV+vyAczO+vKrPdOW0Iaet7UnJMU4bNMinggGJTAnBPjCoLEYcyYtYHNnUNYlv4xZMH6hVIQCAozq8d5w==}
    engines: {node: '>=14.21.3'}
    hasBin: true

  '@biomejs/cli-darwin-arm64@1.8.3':
    resolution: {integrity: sha512-9DYOjclFpKrH/m1Oz75SSExR8VKvNSSsLnVIqdnKexj6NwmiMlKk94Wa1kZEdv6MCOHGHgyyoV57Cw8WzL5n3A==}
    engines: {node: '>=14.21.3'}
    cpu: [arm64]
    os: [darwin]

  '@biomejs/cli-darwin-x64@1.8.3':
    resolution: {integrity: sha512-UeW44L/AtbmOF7KXLCoM+9PSgPo0IDcyEUfIoOXYeANaNXXf9mLUwV1GeF2OWjyic5zj6CnAJ9uzk2LT3v/wAw==}
    engines: {node: '>=14.21.3'}
    cpu: [x64]
    os: [darwin]

  '@biomejs/cli-linux-arm64-musl@1.8.3':
    resolution: {integrity: sha512-9yjUfOFN7wrYsXt/T/gEWfvVxKlnh3yBpnScw98IF+oOeCYb5/b/+K7YNqKROV2i1DlMjg9g/EcN9wvj+NkMuQ==}
    engines: {node: '>=14.21.3'}
    cpu: [arm64]
    os: [linux]

  '@biomejs/cli-linux-arm64@1.8.3':
    resolution: {integrity: sha512-fed2ji8s+I/m8upWpTJGanqiJ0rnlHOK3DdxsyVLZQ8ClY6qLuPc9uehCREBifRJLl/iJyQpHIRufLDeotsPtw==}
    engines: {node: '>=14.21.3'}
    cpu: [arm64]
    os: [linux]

  '@biomejs/cli-linux-x64-musl@1.8.3':
    resolution: {integrity: sha512-UHrGJX7PrKMKzPGoEsooKC9jXJMa28TUSMjcIlbDnIO4EAavCoVmNQaIuUSH0Ls2mpGMwUIf+aZJv657zfWWjA==}
    engines: {node: '>=14.21.3'}
    cpu: [x64]
    os: [linux]

  '@biomejs/cli-linux-x64@1.8.3':
    resolution: {integrity: sha512-I8G2QmuE1teISyT8ie1HXsjFRz9L1m5n83U1O6m30Kw+kPMPSKjag6QGUn+sXT8V+XWIZxFFBoTDEDZW2KPDDw==}
    engines: {node: '>=14.21.3'}
    cpu: [x64]
    os: [linux]

  '@biomejs/cli-win32-arm64@1.8.3':
    resolution: {integrity: sha512-J+Hu9WvrBevfy06eU1Na0lpc7uR9tibm9maHynLIoAjLZpQU3IW+OKHUtyL8p6/3pT2Ju5t5emReeIS2SAxhkQ==}
    engines: {node: '>=14.21.3'}
    cpu: [arm64]
    os: [win32]

  '@biomejs/cli-win32-x64@1.8.3':
    resolution: {integrity: sha512-/PJ59vA1pnQeKahemaQf4Nyj7IKUvGQSc3Ze1uIGi+Wvr1xF7rGobSrAAG01T/gUDG21vkDsZYM03NAmPiVkqg==}
    engines: {node: '>=14.21.3'}
    cpu: [x64]
    os: [win32]

  '@lexical/clipboard@0.17.0':
    resolution: {integrity: sha512-wYtC6VJhuSxUZc69VTU+vBgzB4HQqhve2hLrr3v+3tR2aimx3KnKphCCP1TexCntxpEnOTPXafEgpOW/EVQE+Q==}

  '@lexical/code@0.17.0':
    resolution: {integrity: sha512-8zrgHzf27aYySfUVeSKw8YP/LkRlXHSwD03BKlkSZAb4HX/WC60SGmdXUhtyTIBucqe0pnuGsRYfR9euD0/tfw==}

  '@lexical/devtools-core@0.17.0':
    resolution: {integrity: sha512-0ftqWsoCb96oTc8Ok+uvjGAXZpsN9oc6ml3d46BdufdZyxHXC4qU3YVoPfLkgAHzH+4fQlNypu7u3Ym3dZ2rJg==}
    peerDependencies:
      react: '>=17.x'
      react-dom: '>=17.x'

  '@lexical/dragon@0.17.0':
    resolution: {integrity: sha512-XSsrHVwhjBIVF9VN9MFm6Go8fquj5H/jlYuyNzemHq0tOli8NaoSovGc5q0LwXr88RPsuIt1jluazR7Q1+kxTQ==}

  '@lexical/hashtag@0.17.0':
    resolution: {integrity: sha512-E6nSoz9haB6JypQtYxG5OYr36AHgam/FBMu77OWNl1KsJbkP8nInm+P22QFsNnEvs4Hk6/0FJ5g42+lTEnGmIg==}

  '@lexical/history@0.17.0':
    resolution: {integrity: sha512-SfeUKAXf9pZpqee9rMOTt33V0J0p/AS9TZLT9Un9dU6wAaHfv6NFax1ND0JoG1a9YkTc539mufxVLNjsNRc0ag==}

  '@lexical/html@0.17.0':
    resolution: {integrity: sha512-sI458CEP/j+Gd2YEo1+vTax31ZAjdq5jmRJMgSKxzKlkVYAUY9eH5u3Y3awPLwLVXJHiIopMX02GeZytibuTiw==}

  '@lexical/link@0.17.0':
    resolution: {integrity: sha512-Kux6yvPit6y0ksPpwimv3seVrXAsggkqB6oT6oAVBaDpYuygVEwNDqg/rCTtB3mHQ4eeuU33mdK7MSXZ34bZRQ==}

  '@lexical/list@0.17.0':
    resolution: {integrity: sha512-anDuSUykTv+lqyCwl1m+sThrB15OKCa00Eo68/d2HQSHDD3KNWgSx709dcR17bD9oT204yOhMJbQGywuzcEyGQ==}

  '@lexical/mark@0.17.0':
    resolution: {integrity: sha512-Ynqh9KHXUcB9qLOTGC9s+bbWtawOwRStkeIeAugTqrwckyYWeDaePpyJ6IhBBJy1E1CfpiZn71NDeP+FuRjnXQ==}

  '@lexical/markdown@0.17.0':
    resolution: {integrity: sha512-6IuJ2l5p/Ma+VBUIStIRXwTC01GEzx21gvqqywuqBUzAOiMr1oRM+DGsQgrzZrcjX+LzUlZ5ZgjuWtK8XKVAZw==}

  '@lexical/offset@0.17.0':
    resolution: {integrity: sha512-onE6SD2mIAwBLTT5v5fVBVtRg/NpQj+o10vTWJ1ImvEUERpSoCyHMTy3IMoSMuCRwuOG9C0cFEret2u+QS8Icw==}

  '@lexical/overflow@0.17.0':
    resolution: {integrity: sha512-dh+nQAmeobKvZFodWyzNh1ZjX043Patk/1Lwct9XmtAGMUdXL+tB0bbguWVcDfY8OYu1CTQGfbdq2oMEJYzwsg==}

  '@lexical/plain-text@0.17.0':
    resolution: {integrity: sha512-AEk+3ttbRyRi7m9UbU1CdLUtGsXh4FFZkBC12twV3U82lZHOdHocLlTutP+lcbYlGjeq6UF43NxOSGzsYEunsA==}

  '@lexical/react@0.17.0':
    resolution: {integrity: sha512-HZ3joq+5g2++2vo/6scTd60Y2bsu8ya8EUdopyudnmGZGKAcAPue9pLOlBaEpsYZ7vqTuGjiPgtEBfFzDy9rlg==}
    peerDependencies:
      react: '>=17.x'
      react-dom: '>=17.x'

  '@lexical/rich-text@0.17.0':
    resolution: {integrity: sha512-XJc8gQBSwppCkESQaNcGtyTaPXZaeCQDcUVpnDjDK0vM/ZZN8TErxbujwbSqA3kO2dBds9N8WxNboSwuncMBcQ==}

  '@lexical/selection@0.17.0':
    resolution: {integrity: sha512-UTjlvyhFY/lmHtBaIaVRwYnRfO9gR4I32+PT7vHQr4v3VfcgS63YEGSgEZy3Gh1pfeJqaZATN58+jCuMAQXlWQ==}

  '@lexical/table@0.17.0':
    resolution: {integrity: sha512-RQF7IG0rGL2/bPaPFUIMgDA3QMdDflvXSnE7Udgbj9yMqSKhYkaERVfNyoLckDUSuusGJd6XV+qum6JWn0nSNA==}

  '@lexical/text@0.17.0':
    resolution: {integrity: sha512-kFH0V6yjW8YswmoY7vHT4zHFDflGfamuUxTPHROpdnq/JMjHeaVwtmFBdrP0gknaC8XMRXdr3EsemQ7cbOoDPA==}

  '@lexical/utils@0.17.0':
    resolution: {integrity: sha512-B/n0rRGDmdMrqi2qnprLt6SntC6jb4JItLmPl8zDDdg7/HxMdLq3F93vogeiXQJn0mlNqgiENWHvLAy5K2C2uQ==}

  '@lexical/yjs@0.17.0':
    resolution: {integrity: sha512-xJv3frcK/jskssLbzdY4yfBaM7+LWaZD4YjYkJ/bvRDTey2w+McF+SvsJ/yBA8YF1oaL3rT+0aIQJ7rfH+AxjA==}
    peerDependencies:
      yjs: '>=13.5.22'

  '@liveblocks/client@2.5.2':
    resolution: {integrity: sha512-HiIQ7dvvyICql/F3vupKrZddP6xgX5/3clxTpq2cvEEWYBpV4gcbrUo7+TWA1HfzfRSsChYd1OuxnlOiT7XbvA==}

  '@liveblocks/core@2.5.2':
    resolution: {integrity: sha512-mD4LgXPMvYulqpGLXz6xUnluwrdg3PwxKqfVO7GGbP4RU+hI6yPgvxksDRjSz9So5fkDD87cQodv/hH9VPbdkQ==}

  '@liveblocks/node@2.5.2':
    resolution: {integrity: sha512-1bWANBMTfP8jjCcCmRrL3ksqzF4WFgdHl/wf164g9XBYLzeQg5xTZIkkWq/OHcCK0QiEWR/oxHBdVGCQdq+LDw==}

  '@liveblocks/react@2.5.2':
    resolution: {integrity: sha512-2FYakJJv5o5rV6v5Ak0ODDEv6EFyieVwBPk/VMuBRacuroAaB8Ad0i/+KOyIuDfUdieA2sx75HXTutKs1XpjjA==}
    peerDependencies:
      react: ^16.14.0 || ^17 || ^18

  '@liveblocks/yjs@2.5.2':
    resolution: {integrity: sha512-QnH75JVXG/MtKmRtcc/cc3GOLFM0Zpi99/iP4HuOfIGpnApSrK6Ik8QWh0EYe0gnGKo02UrHVN6aKT5JuoQzLA==}
    peerDependencies:
      yjs: ^13.6.1

  '@next/env@14.2.5':
    resolution: {integrity: sha512-/zZGkrTOsraVfYjGP8uM0p6r0BDT6xWpkjdVbcz66PJVSpwXX3yNiRycxAuDfBKGWBrZBXRuK/YVlkNgxHGwmA==}

  '@next/swc-darwin-arm64@14.2.5':
    resolution: {integrity: sha512-/9zVxJ+K9lrzSGli1///ujyRfon/ZneeZ+v4ptpiPoOU+GKZnm8Wj8ELWU1Pm7GHltYRBklmXMTUqM/DqQ99FQ==}
    engines: {node: '>= 10'}
    cpu: [arm64]
    os: [darwin]

  '@next/swc-darwin-x64@14.2.5':
    resolution: {integrity: sha512-vXHOPCwfDe9qLDuq7U1OYM2wUY+KQ4Ex6ozwsKxp26BlJ6XXbHleOUldenM67JRyBfVjv371oneEvYd3H2gNSA==}
    engines: {node: '>= 10'}
    cpu: [x64]
    os: [darwin]

  '@next/swc-linux-arm64-gnu@14.2.5':
    resolution: {integrity: sha512-vlhB8wI+lj8q1ExFW8lbWutA4M2ZazQNvMWuEDqZcuJJc78iUnLdPPunBPX8rC4IgT6lIx/adB+Cwrl99MzNaA==}
    engines: {node: '>= 10'}
    cpu: [arm64]
    os: [linux]

  '@next/swc-linux-arm64-musl@14.2.5':
    resolution: {integrity: sha512-NpDB9NUR2t0hXzJJwQSGu1IAOYybsfeB+LxpGsXrRIb7QOrYmidJz3shzY8cM6+rO4Aojuef0N/PEaX18pi9OA==}
    engines: {node: '>= 10'}
    cpu: [arm64]
    os: [linux]

  '@next/swc-linux-x64-gnu@14.2.5':
    resolution: {integrity: sha512-8XFikMSxWleYNryWIjiCX+gU201YS+erTUidKdyOVYi5qUQo/gRxv/3N1oZFCgqpesN6FPeqGM72Zve+nReVXQ==}
    engines: {node: '>= 10'}
    cpu: [x64]
    os: [linux]

  '@next/swc-linux-x64-musl@14.2.5':
    resolution: {integrity: sha512-6QLwi7RaYiQDcRDSU/os40r5o06b5ue7Jsk5JgdRBGGp8l37RZEh9JsLSM8QF0YDsgcosSeHjglgqi25+m04IQ==}
    engines: {node: '>= 10'}
    cpu: [x64]
    os: [linux]

  '@next/swc-win32-arm64-msvc@14.2.5':
    resolution: {integrity: sha512-1GpG2VhbspO+aYoMOQPQiqc/tG3LzmsdBH0LhnDS3JrtDx2QmzXe0B6mSZZiN3Bq7IOMXxv1nlsjzoS1+9mzZw==}
    engines: {node: '>= 10'}
    cpu: [arm64]
    os: [win32]

  '@next/swc-win32-ia32-msvc@14.2.5':
    resolution: {integrity: sha512-Igh9ZlxwvCDsu6438FXlQTHlRno4gFpJzqPjSIBZooD22tKeI4fE/YMRoHVJHmrQ2P5YL1DoZ0qaOKkbeFWeMg==}
    engines: {node: '>= 10'}
    cpu: [ia32]
    os: [win32]

  '@next/swc-win32-x64-msvc@14.2.5':
    resolution: {integrity: sha512-tEQ7oinq1/CjSG9uSTerca3v4AZ+dFa+4Yu6ihaG8Ud8ddqLQgFGcnwYls13H5X5CPDPZJdYxyeMui6muOLd4g==}
    engines: {node: '>= 10'}
    cpu: [x64]
    os: [win32]

  '@radix-ui/primitive@1.1.0':
    resolution: {integrity: sha512-4Z8dn6Upk0qk4P74xBhZ6Hd/w0mPEzOOLxy4xiPXOXqjF7jZS0VAKk7/x/H6FyY2zCkYJqePf1G5KmkmNJ4RBA==}

  '@radix-ui/react-collection@1.1.0':
    resolution: {integrity: sha512-GZsZslMJEyo1VKm5L1ZJY8tGDxZNPAoUeQUIbKeJfoi7Q4kmig5AsgLMYYuyYbfjd8fBmFORAIwYAkXMnXZgZw==}
    peerDependencies:
      '@types/react': '*'
      '@types/react-dom': '*'
      react: ^16.8 || ^17.0 || ^18.0 || ^19.0 || ^19.0.0-rc
      react-dom: ^16.8 || ^17.0 || ^18.0 || ^19.0 || ^19.0.0-rc
    peerDependenciesMeta:
      '@types/react':
        optional: true
      '@types/react-dom':
        optional: true

  '@radix-ui/react-compose-refs@1.1.0':
    resolution: {integrity: sha512-b4inOtiaOnYf9KWyO3jAeeCG6FeyfY6ldiEPanbUjWd+xIk5wZeHa8yVwmrJ2vderhu/BQvzCrJI0lHd+wIiqw==}
    peerDependencies:
      '@types/react': '*'
      react: ^16.8 || ^17.0 || ^18.0 || ^19.0 || ^19.0.0-rc
    peerDependenciesMeta:
      '@types/react':
        optional: true

  '@radix-ui/react-context@1.1.0':
    resolution: {integrity: sha512-OKrckBy+sMEgYM/sMmqmErVn0kZqrHPJze+Ql3DzYsDDp0hl0L62nx/2122/Bvps1qz645jlcu2tD9lrRSdf8A==}
    peerDependencies:
      '@types/react': '*'
      react: ^16.8 || ^17.0 || ^18.0 || ^19.0 || ^19.0.0-rc
    peerDependenciesMeta:
      '@types/react':
        optional: true

  '@radix-ui/react-direction@1.1.0':
    resolution: {integrity: sha512-BUuBvgThEiAXh2DWu93XsT+a3aWrGqolGlqqw5VU1kG7p/ZH2cuDlM1sRLNnY3QcBS69UIz2mcKhMxDsdewhjg==}
    peerDependencies:
      '@types/react': '*'
      react: ^16.8 || ^17.0 || ^18.0 || ^19.0 || ^19.0.0-rc
    peerDependenciesMeta:
      '@types/react':
        optional: true

  '@radix-ui/react-id@1.1.0':
    resolution: {integrity: sha512-EJUrI8yYh7WOjNOqpoJaf1jlFIH2LvtgAl+YcFqNCa+4hj64ZXmPkAKOFs/ukjz3byN6bdb/AVUqHkI8/uWWMA==}
    peerDependencies:
      '@types/react': '*'
      react: ^16.8 || ^17.0 || ^18.0 || ^19.0 || ^19.0.0-rc
    peerDependenciesMeta:
      '@types/react':
        optional: true

  '@radix-ui/react-primitive@2.0.0':
    resolution: {integrity: sha512-ZSpFm0/uHa8zTvKBDjLFWLo8dkr4MBsiDLz0g3gMUwqgLHz9rTaRRGYDgvZPtBJgYCBKXkS9fzmoySgr8CO6Cw==}
    peerDependencies:
      '@types/react': '*'
      '@types/react-dom': '*'
      react: ^16.8 || ^17.0 || ^18.0 || ^19.0 || ^19.0.0-rc
      react-dom: ^16.8 || ^17.0 || ^18.0 || ^19.0 || ^19.0.0-rc
    peerDependenciesMeta:
      '@types/react':
        optional: true
      '@types/react-dom':
        optional: true

  '@radix-ui/react-roving-focus@1.1.0':
    resolution: {integrity: sha512-EA6AMGeq9AEeQDeSH0aZgG198qkfHSbvWTf1HvoDmOB5bBG/qTxjYMWUKMnYiV6J/iP/J8MEFSuB2zRU2n7ODA==}
    peerDependencies:
      '@types/react': '*'
      '@types/react-dom': '*'
      react: ^16.8 || ^17.0 || ^18.0 || ^19.0 || ^19.0.0-rc
      react-dom: ^16.8 || ^17.0 || ^18.0 || ^19.0 || ^19.0.0-rc
    peerDependenciesMeta:
      '@types/react':
        optional: true
      '@types/react-dom':
        optional: true

  '@radix-ui/react-separator@1.1.0':
    resolution: {integrity: sha512-3uBAs+egzvJBDZAzvb/n4NxxOYpnspmWxO2u5NbZ8Y6FM/NdrGSF9bop3Cf6F6C71z1rTSn8KV0Fo2ZVd79lGA==}
    peerDependencies:
      '@types/react': '*'
      '@types/react-dom': '*'
      react: ^16.8 || ^17.0 || ^18.0 || ^19.0 || ^19.0.0-rc
      react-dom: ^16.8 || ^17.0 || ^18.0 || ^19.0 || ^19.0.0-rc
    peerDependenciesMeta:
      '@types/react':
        optional: true
      '@types/react-dom':
        optional: true

  '@radix-ui/react-slot@1.1.0':
    resolution: {integrity: sha512-FUCf5XMfmW4dtYl69pdS4DbxKy8nj4M7SafBgPllysxmdachynNflAdp/gCsnYWNDnge6tI9onzMp5ARYc1KNw==}
    peerDependencies:
      '@types/react': '*'
      react: ^16.8 || ^17.0 || ^18.0 || ^19.0 || ^19.0.0-rc
    peerDependenciesMeta:
      '@types/react':
        optional: true

  '@radix-ui/react-toggle-group@1.1.0':
    resolution: {integrity: sha512-PpTJV68dZU2oqqgq75Uzto5o/XfOVgkrJ9rulVmfTKxWp3HfUjHE6CP/WLRR4AzPX9HWxw7vFow2me85Yu+Naw==}
    peerDependencies:
      '@types/react': '*'
      '@types/react-dom': '*'
      react: ^16.8 || ^17.0 || ^18.0 || ^19.0 || ^19.0.0-rc
      react-dom: ^16.8 || ^17.0 || ^18.0 || ^19.0 || ^19.0.0-rc
    peerDependenciesMeta:
      '@types/react':
        optional: true
      '@types/react-dom':
        optional: true

  '@radix-ui/react-toggle@1.1.0':
    resolution: {integrity: sha512-gwoxaKZ0oJ4vIgzsfESBuSgJNdc0rv12VhHgcqN0TEJmmZixXG/2XpsLK8kzNWYcnaoRIEEQc0bEi3dIvdUpjw==}
    peerDependencies:
      '@types/react': '*'
      '@types/react-dom': '*'
      react: ^16.8 || ^17.0 || ^18.0 || ^19.0 || ^19.0.0-rc
      react-dom: ^16.8 || ^17.0 || ^18.0 || ^19.0 || ^19.0.0-rc
    peerDependenciesMeta:
      '@types/react':
        optional: true
      '@types/react-dom':
        optional: true

  '@radix-ui/react-toolbar@1.1.0':
    resolution: {integrity: sha512-ZUKknxhMTL/4hPh+4DuaTot9aO7UD6Kupj4gqXCsBTayX1pD1L+0C2/2VZKXb4tIifQklZ3pf2hG9T+ns+FclQ==}
    peerDependencies:
      '@types/react': '*'
      '@types/react-dom': '*'
      react: ^16.8 || ^17.0 || ^18.0 || ^19.0 || ^19.0.0-rc
      react-dom: ^16.8 || ^17.0 || ^18.0 || ^19.0 || ^19.0.0-rc
    peerDependenciesMeta:
      '@types/react':
        optional: true
      '@types/react-dom':
        optional: true

  '@radix-ui/react-use-callback-ref@1.1.0':
    resolution: {integrity: sha512-CasTfvsy+frcFkbXtSJ2Zu9JHpN8TYKxkgJGWbjiZhFivxaeW7rMeZt7QELGVLaYVfFMsKHjb7Ak0nMEe+2Vfw==}
    peerDependencies:
      '@types/react': '*'
      react: ^16.8 || ^17.0 || ^18.0 || ^19.0 || ^19.0.0-rc
    peerDependenciesMeta:
      '@types/react':
        optional: true

  '@radix-ui/react-use-controllable-state@1.1.0':
    resolution: {integrity: sha512-MtfMVJiSr2NjzS0Aa90NPTnvTSg6C/JLCV7ma0W6+OMV78vd8OyRpID+Ng9LxzsPbLeuBnWBA1Nq30AtBIDChw==}
    peerDependencies:
      '@types/react': '*'
      react: ^16.8 || ^17.0 || ^18.0 || ^19.0 || ^19.0.0-rc
    peerDependenciesMeta:
      '@types/react':
        optional: true

  '@radix-ui/react-use-layout-effect@1.1.0':
    resolution: {integrity: sha512-+FPE0rOdziWSrH9athwI1R0HDVbWlEhd+FR+aSDk4uWGmSJ9Z54sdZVDQPZAinJhJXwfT+qnj969mCsT2gfm5w==}
    peerDependencies:
      '@types/react': '*'
      react: ^16.8 || ^17.0 || ^18.0 || ^19.0 || ^19.0.0-rc
    peerDependenciesMeta:
      '@types/react':
        optional: true

  '@stablelib/base64@1.0.1':
    resolution: {integrity: sha512-1bnPQqSxSuc3Ii6MhBysoWCg58j97aUjuCSZrGSmDxNqtytIi0k8utUenAwTZN4V5mXXYGsVUI9zeBqy+jBOSQ==}

  '@swc/counter@0.1.3':
    resolution: {integrity: sha512-e2BR4lsJkkRlKZ/qCHPw9ZaSxc0MVUd7gtbtaB7aMvHeJVYe8sOB8DBZkP2DtISHGSku9sCK6T6cnY0CtXrOCQ==}

  '@swc/helpers@0.5.5':
    resolution: {integrity: sha512-KGYxvIOXcceOAbEk4bi/dVLEK9z8sZ0uBB3Il5b1rhfClSpcX0yfRO0KmTkqR2cnQDymwLB+25ZyMzICg/cm/A==}

  '@types/node@20.14.12':
    resolution: {integrity: sha512-r7wNXakLeSsGT0H1AU863vS2wa5wBOK4bWMjZz2wj+8nBx+m5PeIn0k8AloSLpRuiwdRQZwarZqHE4FNArPuJQ==}

  '@types/prop-types@15.7.12':
    resolution: {integrity: sha512-5zvhXYtRNRluoE/jAp4GVsSduVUzNWKkOZrCDBWYtE7biZywwdC2AcEzg+cSMLFRfVgeAFqpfNabiPjxFddV1Q==}

  '@types/react-dom@18.3.0':
    resolution: {integrity: sha512-EhwApuTmMBmXuFOikhQLIBUn6uFg81SwLMOAUgodJF14SOBOCMdU04gDoYi0WOJJHD144TL32z4yDqCW3dnkQg==}

  '@types/react@18.3.4':
    resolution: {integrity: sha512-J7W30FTdfCxDDjmfRM+/JqLHBIyl7xUIp9kwK637FGmY7+mkSFSe6L4jpZzhj5QMfLssSDP4/i75AKkrdC7/Jw==}

  busboy@1.6.0:
    resolution: {integrity: sha512-8SFQbg/0hQ9xy3UNTB0YEnsNBbWfhf7RtnzpL7TkBiTBRfrQ9Fxcnz7VJsleJpyp6rVLvXiuORqjlHi5q+PYuA==}
    engines: {node: '>=10.16.0'}

  caniuse-lite@1.0.30001642:
    resolution: {integrity: sha512-3XQ0DoRgLijXJErLSl+bLnJ+Et4KqV1PY6JJBGAFlsNsz31zeAIncyeZfLCabHK/jtSh+671RM9YMldxjUPZtA==}

  client-only@0.0.1:
    resolution: {integrity: sha512-IV3Ou0jSMzZrd3pZ48nLkT9DA7Ag1pnPzaiQhpW7c3RbcqqzvzzVu+L8gfqMp/8IM2MQtSiqaCxrrcfu8I8rMA==}

  csstype@3.1.3:
    resolution: {integrity: sha512-M1uQkMl8rQK/szD0LNhtqxIPLpimGm8sOBwU7lLnCpSbTyY3yeU1Vc7l4KT5zT4s/yOxHH5O7tIuuLOCnLADRw==}

  fast-sha256@1.3.0:
    resolution: {integrity: sha512-n11RGP/lrWEFI/bWdygLxhI+pVeo1ZYIVwvvPkW7azl/rOy+F3HYRZ2K5zeE9mmkhQppyv9sQFx0JM9UabnpPQ==}

  graceful-fs@4.2.11:
    resolution: {integrity: sha512-RbJ5/jmFcNNCcDV5o9eTnBLJ/HszWV0P73bc+Ff4nS/rJj+YaS6IGyiOL0VoBYX+l1Wrl3k63h/KrH+nhJ0XvQ==}

  isomorphic.js@0.2.5:
    resolution: {integrity: sha512-PIeMbHqMt4DnUP3MA/Flc0HElYjMXArsw1qwJZcm9sqR8mq3l8NYizFMty0pWwE/tzIGH3EKK5+jes5mAr85yw==}

  js-base64@3.7.7:
    resolution: {integrity: sha512-7rCnleh0z2CkXhH67J8K1Ytz0b2Y+yxTPL+/KOJoa20hfnVQ/3/T6W/KflYI4bRHRagNeXeU2bkNGI3v1oS/lw==}

  js-tokens@4.0.0:
    resolution: {integrity: sha512-RdJUflcE3cUzKiMqQgsCu06FPu9UdIJO0beYbPhHN4k6apgJtifcoCtT9bcxOpYBtpD2kCM6Sbzg4CausW/PKQ==}

  lexical@0.17.0:
    resolution: {integrity: sha512-cCFmANO5rIf34NF0go/hxp5S3V5Z8G2Rsa1FJy50qF2WM5EJNJ/MqN75TApjfgMkfrbO6gau3X12nCqwsT7aDg==}

  lib0@0.2.94:
    resolution: {integrity: sha512-hZ3p54jL4Wpu7IOg26uC7dnEWiMyNlUrb9KoG7+xYs45WkQwpVvKFndVq2+pqLYKe1u8Fp3+zAfZHVvTK34PvQ==}
    engines: {node: '>=16'}
    hasBin: true

  loose-envify@1.4.0:
    resolution: {integrity: sha512-lyuxPGr/Wfhrlem2CL/UcnUc1zcqKAImBDzukY7Y5F/yQiNdko6+fRLevlw1HgMySw7f611UIY408EtxRSoK3Q==}
    hasBin: true

  nanoid@3.3.7:
    resolution: {integrity: sha512-eSRppjcPIatRIMC1U6UngP8XFcz8MQWGQdt1MTBQ7NaAmvXDfvNxbvWV3x2y6CdEUciCSsDHDQZbhYaB8QEo2g==}
    engines: {node: ^10 || ^12 || ^13.7 || ^14 || >=15.0.1}
    hasBin: true

  next@14.2.5:
    resolution: {integrity: sha512-0f8aRfBVL+mpzfBjYfQuLWh2WyAwtJXCRfkPF4UJ5qd2YwrHczsrSzXU4tRMV0OAxR8ZJZWPFn6uhSC56UTsLA==}
    engines: {node: '>=18.17.0'}
    hasBin: true
    peerDependencies:
      '@opentelemetry/api': ^1.1.0
      '@playwright/test': ^1.41.2
      react: ^18.2.0
      react-dom: ^18.2.0
      sass: ^1.3.0
    peerDependenciesMeta:
      '@opentelemetry/api':
        optional: true
      '@playwright/test':
        optional: true
      sass:
        optional: true

  node-fetch@2.7.0:
    resolution: {integrity: sha512-c4FRfUm/dbcWZ7U+1Wq0AwCyFL+3nt2bEw05wfxSz+DWpWsitgmSgYmy2dQdWyKC1694ELPqMs/YzUSNozLt8A==}
    engines: {node: 4.x || >=6.0.0}
    peerDependencies:
      encoding: ^0.1.0
    peerDependenciesMeta:
      encoding:
        optional: true

  picocolors@1.0.1:
    resolution: {integrity: sha512-anP1Z8qwhkbmu7MFP5iTt+wQKXgwzf7zTyGlcdzabySa9vd0Xt392U0rVmz9poOaBj0uHJKyyo9/upk0HrEQew==}

  postcss@8.4.31:
    resolution: {integrity: sha512-PS08Iboia9mts/2ygV3eLpY5ghnUcfLV/EXTOW1E2qYxJKGGBUtNjN76FYHnMs36RmARn41bC0AZmn+rR0OVpQ==}
    engines: {node: ^10 || ^12 || >=14}

  prismjs@1.29.0:
    resolution: {integrity: sha512-Kx/1w86q/epKcmte75LNrEoT+lX8pBpavuAbvJWRXar7Hz8jrtF+e3vY751p0R8H9HdArwaCTNDDzHg/ScJK1Q==}
    engines: {node: '>=6'}

  react-dom@18.3.1:
    resolution: {integrity: sha512-5m4nQKp+rZRb09LNH59GM4BxTh9251/ylbKIbpe7TpGxfJ+9kv6BLkLBXIjjspbgbnIBNqlI23tRnTWT0snUIw==}
    peerDependencies:
      react: ^18.3.1

  react-error-boundary@3.1.4:
    resolution: {integrity: sha512-uM9uPzZJTF6wRQORmSrvOIgt4lJ9MC1sNgEOj2XGsDTRE4kmpWxg7ENK9EWNKJRMAOY9z0MuF4yIfl6gp4sotA==}
    engines: {node: '>=10', npm: '>=6'}
    peerDependencies:
      react: '>=16.13.1'

  react@18.3.1:
    resolution: {integrity: sha512-wS+hAgJShR0KhEvPJArfuPVN1+Hz1t0Y6n5jLrGQbkb4urgPE/0Rve+1kMB1v/oWgHgm4WIcV+i7F2pTVj+2iQ==}
    engines: {node: '>=0.10.0'}

  regenerator-runtime@0.14.1:
    resolution: {integrity: sha512-dYnhHh0nJoMfnkZs6GmmhFknAGRrLznOu5nc9ML+EJxGvrx6H7teuevqVqCuPcPK//3eDrrjQhehXVx9cnkGdw==}

  scheduler@0.23.2:
    resolution: {integrity: sha512-UOShsPwz7NrMUqhR6t0hWjFduvOzbtv7toDH1/hIrfRNIDBnnBWd0CwJTGvTpngVlmwGCdP9/Zl/tVrDqcuYzQ==}

  source-map-js@1.2.0:
    resolution: {integrity: sha512-itJW8lvSA0TXEphiRoawsCksnlf8SyvmFzIhltqAHluXd88pkCd+cXJVHTDwdCr0IzwptSm035IHQktUu1QUMg==}
    engines: {node: '>=0.10.0'}

  streamsearch@1.1.0:
    resolution: {integrity: sha512-Mcc5wHehp9aXz1ax6bZUyY5afg9u2rv5cqQI3mRrYkGC8rW2hM02jWuwjtL++LS5qinSyhj2QfLyNsuc+VsExg==}
    engines: {node: '>=10.0.0'}

  styled-jsx@5.1.1:
    resolution: {integrity: sha512-pW7uC1l4mBZ8ugbiZrcIsiIvVx1UmTfw7UkC3Um2tmfUq9Bhk8IiyEIPl6F8agHgjzku6j0xQEZbfA5uSgSaCw==}
    engines: {node: '>= 12.0.0'}
    peerDependencies:
      '@babel/core': '*'
      babel-plugin-macros: '*'
      react: '>= 16.8.0 || 17.x.x || ^18.0.0-0'
    peerDependenciesMeta:
      '@babel/core':
        optional: true
      babel-plugin-macros:
        optional: true

  tr46@0.0.3:
    resolution: {integrity: sha512-N3WMsuqV66lT30CrXNbEjx4GEwlow3v6rr4mCcv6prnfwhS01rkgyFdjPNBYd9br7LpXV1+Emh01fHnq2Gdgrw==}

  tslib@2.6.3:
    resolution: {integrity: sha512-xNvxJEOUiWPGhUuUdQgAJPKOOJfGnIyKySOc09XkKsgdUV/3E2zvwZYdejjmRgPCgcym1juLH3226yA7sEFJKQ==}

  typescript@5.5.4:
    resolution: {integrity: sha512-Mtq29sKDAEYP7aljRgtPOpTvOfbwRWlS6dPRzwjdE+C0R4brX/GUyhHSecbHMFLNBLcJIPt9nl9yG5TZ1weH+Q==}
    engines: {node: '>=14.17'}
    hasBin: true

  undici-types@5.26.5:
    resolution: {integrity: sha512-JlCMO+ehdEIKqlFxk6IfVoAUVmgz7cU7zD/h9XZ0qzeosSHmUJVOzSQvvYSYWXkFXC+IfLKSIffhv0sVZup6pA==}

  use-sync-external-store@1.2.2:
    resolution: {integrity: sha512-PElTlVMwpblvbNqQ82d2n6RjStvdSoNe9FG28kNfz3WiXilJm4DdNkEzRhCZuIDwY8U08WVihhGR5iRqAwfDiw==}
    peerDependencies:
      react: ^16.8.0 || ^17.0.0 || ^18.0.0

  webidl-conversions@3.0.1:
    resolution: {integrity: sha512-2JAn3z8AR6rjK8Sm8orRC0h/bcl/DqL7tRPdGZ4I1CjdF+EaMLmYxBHyXuKL849eucPFhvBoxMsflfOb8kxaeQ==}

  whatwg-url@5.0.0:
    resolution: {integrity: sha512-saE57nupxk6v3HY35+jzBwYa0rKSy0XR8JSxZPwgLr7ys0IBzhGviA1/TUGJLmSVqs8pb9AnvICXEuOHLprYTw==}

  yjs@13.6.18:
    resolution: {integrity: sha512-GBTjO4QCmv2HFKFkYIJl7U77hIB1o22vSCSQD1Ge8ZxWbIbn8AltI4gyXbtL+g5/GJep67HCMq3Y5AmNwDSyEg==}
    engines: {node: '>=16.0.0', npm: '>=8.0.0'}

snapshots:

  '@babel/runtime@7.25.0':
    dependencies:
      regenerator-runtime: 0.14.1

  '@biomejs/biome@1.8.3':
    optionalDependencies:
      '@biomejs/cli-darwin-arm64': 1.8.3
      '@biomejs/cli-darwin-x64': 1.8.3
      '@biomejs/cli-linux-arm64': 1.8.3
      '@biomejs/cli-linux-arm64-musl': 1.8.3
      '@biomejs/cli-linux-x64': 1.8.3
      '@biomejs/cli-linux-x64-musl': 1.8.3
      '@biomejs/cli-win32-arm64': 1.8.3
      '@biomejs/cli-win32-x64': 1.8.3

  '@biomejs/cli-darwin-arm64@1.8.3':
    optional: true

  '@biomejs/cli-darwin-x64@1.8.3':
    optional: true

  '@biomejs/cli-linux-arm64-musl@1.8.3':
    optional: true

  '@biomejs/cli-linux-arm64@1.8.3':
    optional: true

  '@biomejs/cli-linux-x64-musl@1.8.3':
    optional: true

  '@biomejs/cli-linux-x64@1.8.3':
    optional: true

  '@biomejs/cli-win32-arm64@1.8.3':
    optional: true

  '@biomejs/cli-win32-x64@1.8.3':
    optional: true

  '@lexical/clipboard@0.17.0':
    dependencies:
      '@lexical/html': 0.17.0
      '@lexical/list': 0.17.0
      '@lexical/selection': 0.17.0
      '@lexical/utils': 0.17.0
      lexical: 0.17.0

  '@lexical/code@0.17.0':
    dependencies:
      '@lexical/utils': 0.17.0
      lexical: 0.17.0
      prismjs: 1.29.0

  '@lexical/devtools-core@0.17.0(react-dom@18.3.1(react@18.3.1))(react@18.3.1)':
    dependencies:
      '@lexical/html': 0.17.0
      '@lexical/link': 0.17.0
      '@lexical/mark': 0.17.0
      '@lexical/table': 0.17.0
      '@lexical/utils': 0.17.0
      lexical: 0.17.0
      react: 18.3.1
      react-dom: 18.3.1(react@18.3.1)

  '@lexical/dragon@0.17.0':
    dependencies:
      lexical: 0.17.0

  '@lexical/hashtag@0.17.0':
    dependencies:
      '@lexical/utils': 0.17.0
      lexical: 0.17.0

  '@lexical/history@0.17.0':
    dependencies:
      '@lexical/utils': 0.17.0
      lexical: 0.17.0

  '@lexical/html@0.17.0':
    dependencies:
      '@lexical/selection': 0.17.0
      '@lexical/utils': 0.17.0
      lexical: 0.17.0

  '@lexical/link@0.17.0':
    dependencies:
      '@lexical/utils': 0.17.0
      lexical: 0.17.0

  '@lexical/list@0.17.0':
    dependencies:
      '@lexical/utils': 0.17.0
      lexical: 0.17.0

  '@lexical/mark@0.17.0':
    dependencies:
      '@lexical/utils': 0.17.0
      lexical: 0.17.0

  '@lexical/markdown@0.17.0':
    dependencies:
      '@lexical/code': 0.17.0
      '@lexical/link': 0.17.0
      '@lexical/list': 0.17.0
      '@lexical/rich-text': 0.17.0
      '@lexical/text': 0.17.0
      '@lexical/utils': 0.17.0
      lexical: 0.17.0

  '@lexical/offset@0.17.0':
    dependencies:
      lexical: 0.17.0

  '@lexical/overflow@0.17.0':
    dependencies:
      lexical: 0.17.0

  '@lexical/plain-text@0.17.0':
    dependencies:
      '@lexical/clipboard': 0.17.0
      '@lexical/selection': 0.17.0
      '@lexical/utils': 0.17.0
      lexical: 0.17.0

  '@lexical/react@0.17.0(react-dom@18.3.1(react@18.3.1))(react@18.3.1)(yjs@13.6.18)':
    dependencies:
      '@lexical/clipboard': 0.17.0
      '@lexical/code': 0.17.0
      '@lexical/devtools-core': 0.17.0(react-dom@18.3.1(react@18.3.1))(react@18.3.1)
      '@lexical/dragon': 0.17.0
      '@lexical/hashtag': 0.17.0
      '@lexical/history': 0.17.0
      '@lexical/link': 0.17.0
      '@lexical/list': 0.17.0
      '@lexical/mark': 0.17.0
      '@lexical/markdown': 0.17.0
      '@lexical/overflow': 0.17.0
      '@lexical/plain-text': 0.17.0
      '@lexical/rich-text': 0.17.0
      '@lexical/selection': 0.17.0
      '@lexical/table': 0.17.0
      '@lexical/text': 0.17.0
      '@lexical/utils': 0.17.0
      '@lexical/yjs': 0.17.0(yjs@13.6.18)
      lexical: 0.17.0
      react: 18.3.1
      react-dom: 18.3.1(react@18.3.1)
      react-error-boundary: 3.1.4(react@18.3.1)
    transitivePeerDependencies:
      - yjs

  '@lexical/rich-text@0.17.0':
    dependencies:
      '@lexical/clipboard': 0.17.0
      '@lexical/selection': 0.17.0
      '@lexical/utils': 0.17.0
      lexical: 0.17.0

  '@lexical/selection@0.17.0':
    dependencies:
      lexical: 0.17.0

  '@lexical/table@0.17.0':
    dependencies:
      '@lexical/utils': 0.17.0
      lexical: 0.17.0

  '@lexical/text@0.17.0':
    dependencies:
      lexical: 0.17.0

  '@lexical/utils@0.17.0':
    dependencies:
      '@lexical/list': 0.17.0
      '@lexical/selection': 0.17.0
      '@lexical/table': 0.17.0
      lexical: 0.17.0

  '@lexical/yjs@0.17.0(yjs@13.6.18)':
    dependencies:
      '@lexical/offset': 0.17.0
      lexical: 0.17.0
      yjs: 13.6.18

  '@liveblocks/client@2.5.2':
    dependencies:
      '@liveblocks/core': 2.5.2

  '@liveblocks/core@2.5.2': {}

  '@liveblocks/node@2.5.2':
    dependencies:
      '@liveblocks/core': 2.5.2
      '@stablelib/base64': 1.0.1
      fast-sha256: 1.3.0
      node-fetch: 2.7.0
    transitivePeerDependencies:
      - encoding

  '@liveblocks/react@2.5.2(react@18.3.1)':
    dependencies:
      '@liveblocks/client': 2.5.2
      '@liveblocks/core': 2.5.2
      react: 18.3.1
      use-sync-external-store: 1.2.2(react@18.3.1)

  '@liveblocks/yjs@2.5.2(yjs@13.6.18)':
    dependencies:
      '@liveblocks/client': 2.5.2
      '@liveblocks/core': 2.5.2
      js-base64: 3.7.7
      yjs: 13.6.18

  '@next/env@14.2.5': {}

  '@next/swc-darwin-arm64@14.2.5':
    optional: true

  '@next/swc-darwin-x64@14.2.5':
    optional: true

  '@next/swc-linux-arm64-gnu@14.2.5':
    optional: true

  '@next/swc-linux-arm64-musl@14.2.5':
    optional: true

  '@next/swc-linux-x64-gnu@14.2.5':
    optional: true

  '@next/swc-linux-x64-musl@14.2.5':
    optional: true

  '@next/swc-win32-arm64-msvc@14.2.5':
    optional: true

  '@next/swc-win32-ia32-msvc@14.2.5':
    optional: true

  '@next/swc-win32-x64-msvc@14.2.5':
    optional: true

  '@radix-ui/primitive@1.1.0': {}

  '@radix-ui/react-collection@1.1.0(@types/react-dom@18.3.0)(@types/react@18.3.4)(react-dom@18.3.1(react@18.3.1))(react@18.3.1)':
    dependencies:
      '@radix-ui/react-compose-refs': 1.1.0(@types/react@18.3.4)(react@18.3.1)
      '@radix-ui/react-context': 1.1.0(@types/react@18.3.4)(react@18.3.1)
      '@radix-ui/react-primitive': 2.0.0(@types/react-dom@18.3.0)(@types/react@18.3.4)(react-dom@18.3.1(react@18.3.1))(react@18.3.1)
      '@radix-ui/react-slot': 1.1.0(@types/react@18.3.4)(react@18.3.1)
      react: 18.3.1
      react-dom: 18.3.1(react@18.3.1)
    optionalDependencies:
      '@types/react': 18.3.4
      '@types/react-dom': 18.3.0

  '@radix-ui/react-compose-refs@1.1.0(@types/react@18.3.4)(react@18.3.1)':
    dependencies:
      react: 18.3.1
    optionalDependencies:
      '@types/react': 18.3.4

  '@radix-ui/react-context@1.1.0(@types/react@18.3.4)(react@18.3.1)':
    dependencies:
      react: 18.3.1
    optionalDependencies:
      '@types/react': 18.3.4

  '@radix-ui/react-direction@1.1.0(@types/react@18.3.4)(react@18.3.1)':
    dependencies:
      react: 18.3.1
    optionalDependencies:
      '@types/react': 18.3.4

  '@radix-ui/react-id@1.1.0(@types/react@18.3.4)(react@18.3.1)':
    dependencies:
      '@radix-ui/react-use-layout-effect': 1.1.0(@types/react@18.3.4)(react@18.3.1)
      react: 18.3.1
    optionalDependencies:
      '@types/react': 18.3.4

  '@radix-ui/react-primitive@2.0.0(@types/react-dom@18.3.0)(@types/react@18.3.4)(react-dom@18.3.1(react@18.3.1))(react@18.3.1)':
    dependencies:
      '@radix-ui/react-slot': 1.1.0(@types/react@18.3.4)(react@18.3.1)
      react: 18.3.1
      react-dom: 18.3.1(react@18.3.1)
    optionalDependencies:
      '@types/react': 18.3.4
      '@types/react-dom': 18.3.0

  '@radix-ui/react-roving-focus@1.1.0(@types/react-dom@18.3.0)(@types/react@18.3.4)(react-dom@18.3.1(react@18.3.1))(react@18.3.1)':
    dependencies:
      '@radix-ui/primitive': 1.1.0
      '@radix-ui/react-collection': 1.1.0(@types/react-dom@18.3.0)(@types/react@18.3.4)(react-dom@18.3.1(react@18.3.1))(react@18.3.1)
      '@radix-ui/react-compose-refs': 1.1.0(@types/react@18.3.4)(react@18.3.1)
      '@radix-ui/react-context': 1.1.0(@types/react@18.3.4)(react@18.3.1)
      '@radix-ui/react-direction': 1.1.0(@types/react@18.3.4)(react@18.3.1)
      '@radix-ui/react-id': 1.1.0(@types/react@18.3.4)(react@18.3.1)
      '@radix-ui/react-primitive': 2.0.0(@types/react-dom@18.3.0)(@types/react@18.3.4)(react-dom@18.3.1(react@18.3.1))(react@18.3.1)
      '@radix-ui/react-use-callback-ref': 1.1.0(@types/react@18.3.4)(react@18.3.1)
      '@radix-ui/react-use-controllable-state': 1.1.0(@types/react@18.3.4)(react@18.3.1)
      react: 18.3.1
      react-dom: 18.3.1(react@18.3.1)
    optionalDependencies:
      '@types/react': 18.3.4
      '@types/react-dom': 18.3.0

  '@radix-ui/react-separator@1.1.0(@types/react-dom@18.3.0)(@types/react@18.3.4)(react-dom@18.3.1(react@18.3.1))(react@18.3.1)':
    dependencies:
      '@radix-ui/react-primitive': 2.0.0(@types/react-dom@18.3.0)(@types/react@18.3.4)(react-dom@18.3.1(react@18.3.1))(react@18.3.1)
      react: 18.3.1
      react-dom: 18.3.1(react@18.3.1)
    optionalDependencies:
      '@types/react': 18.3.4
      '@types/react-dom': 18.3.0

  '@radix-ui/react-slot@1.1.0(@types/react@18.3.4)(react@18.3.1)':
    dependencies:
      '@radix-ui/react-compose-refs': 1.1.0(@types/react@18.3.4)(react@18.3.1)
      react: 18.3.1
    optionalDependencies:
      '@types/react': 18.3.4

  '@radix-ui/react-toggle-group@1.1.0(@types/react-dom@18.3.0)(@types/react@18.3.4)(react-dom@18.3.1(react@18.3.1))(react@18.3.1)':
    dependencies:
      '@radix-ui/primitive': 1.1.0
      '@radix-ui/react-context': 1.1.0(@types/react@18.3.4)(react@18.3.1)
      '@radix-ui/react-direction': 1.1.0(@types/react@18.3.4)(react@18.3.1)
      '@radix-ui/react-primitive': 2.0.0(@types/react-dom@18.3.0)(@types/react@18.3.4)(react-dom@18.3.1(react@18.3.1))(react@18.3.1)
      '@radix-ui/react-roving-focus': 1.1.0(@types/react-dom@18.3.0)(@types/react@18.3.4)(react-dom@18.3.1(react@18.3.1))(react@18.3.1)
      '@radix-ui/react-toggle': 1.1.0(@types/react-dom@18.3.0)(@types/react@18.3.4)(react-dom@18.3.1(react@18.3.1))(react@18.3.1)
      '@radix-ui/react-use-controllable-state': 1.1.0(@types/react@18.3.4)(react@18.3.1)
      react: 18.3.1
      react-dom: 18.3.1(react@18.3.1)
    optionalDependencies:
      '@types/react': 18.3.4
      '@types/react-dom': 18.3.0

  '@radix-ui/react-toggle@1.1.0(@types/react-dom@18.3.0)(@types/react@18.3.4)(react-dom@18.3.1(react@18.3.1))(react@18.3.1)':
    dependencies:
      '@radix-ui/primitive': 1.1.0
      '@radix-ui/react-primitive': 2.0.0(@types/react-dom@18.3.0)(@types/react@18.3.4)(react-dom@18.3.1(react@18.3.1))(react@18.3.1)
      '@radix-ui/react-use-controllable-state': 1.1.0(@types/react@18.3.4)(react@18.3.1)
      react: 18.3.1
      react-dom: 18.3.1(react@18.3.1)
    optionalDependencies:
      '@types/react': 18.3.4
      '@types/react-dom': 18.3.0

  '@radix-ui/react-toolbar@1.1.0(@types/react-dom@18.3.0)(@types/react@18.3.4)(react-dom@18.3.1(react@18.3.1))(react@18.3.1)':
    dependencies:
      '@radix-ui/primitive': 1.1.0
      '@radix-ui/react-context': 1.1.0(@types/react@18.3.4)(react@18.3.1)
      '@radix-ui/react-direction': 1.1.0(@types/react@18.3.4)(react@18.3.1)
      '@radix-ui/react-primitive': 2.0.0(@types/react-dom@18.3.0)(@types/react@18.3.4)(react-dom@18.3.1(react@18.3.1))(react@18.3.1)
      '@radix-ui/react-roving-focus': 1.1.0(@types/react-dom@18.3.0)(@types/react@18.3.4)(react-dom@18.3.1(react@18.3.1))(react@18.3.1)
      '@radix-ui/react-separator': 1.1.0(@types/react-dom@18.3.0)(@types/react@18.3.4)(react-dom@18.3.1(react@18.3.1))(react@18.3.1)
      '@radix-ui/react-toggle-group': 1.1.0(@types/react-dom@18.3.0)(@types/react@18.3.4)(react-dom@18.3.1(react@18.3.1))(react@18.3.1)
      react: 18.3.1
      react-dom: 18.3.1(react@18.3.1)
    optionalDependencies:
      '@types/react': 18.3.4
      '@types/react-dom': 18.3.0

  '@radix-ui/react-use-callback-ref@1.1.0(@types/react@18.3.4)(react@18.3.1)':
    dependencies:
      react: 18.3.1
    optionalDependencies:
      '@types/react': 18.3.4

  '@radix-ui/react-use-controllable-state@1.1.0(@types/react@18.3.4)(react@18.3.1)':
    dependencies:
      '@radix-ui/react-use-callback-ref': 1.1.0(@types/react@18.3.4)(react@18.3.1)
      react: 18.3.1
    optionalDependencies:
      '@types/react': 18.3.4

  '@radix-ui/react-use-layout-effect@1.1.0(@types/react@18.3.4)(react@18.3.1)':
    dependencies:
      react: 18.3.1
    optionalDependencies:
      '@types/react': 18.3.4

  '@stablelib/base64@1.0.1': {}

  '@swc/counter@0.1.3': {}

  '@swc/helpers@0.5.5':
    dependencies:
      '@swc/counter': 0.1.3
      tslib: 2.6.3

  '@types/node@20.14.12':
    dependencies:
      undici-types: 5.26.5

  '@types/prop-types@15.7.12': {}

  '@types/react-dom@18.3.0':
    dependencies:
      '@types/react': 18.3.4

  '@types/react@18.3.4':
    dependencies:
      '@types/prop-types': 15.7.12
      csstype: 3.1.3

  busboy@1.6.0:
    dependencies:
      streamsearch: 1.1.0

  caniuse-lite@1.0.30001642: {}

  client-only@0.0.1: {}

  csstype@3.1.3: {}

  fast-sha256@1.3.0: {}

  graceful-fs@4.2.11: {}

  isomorphic.js@0.2.5: {}

  js-base64@3.7.7: {}

  js-tokens@4.0.0: {}

  lexical@0.17.0: {}

  lib0@0.2.94:
    dependencies:
      isomorphic.js: 0.2.5

  loose-envify@1.4.0:
    dependencies:
      js-tokens: 4.0.0

  nanoid@3.3.7: {}

  next@14.2.5(react-dom@18.3.1(react@18.3.1))(react@18.3.1):
    dependencies:
      '@next/env': 14.2.5
      '@swc/helpers': 0.5.5
      busboy: 1.6.0
      caniuse-lite: 1.0.30001642
      graceful-fs: 4.2.11
      postcss: 8.4.31
      react: 18.3.1
      react-dom: 18.3.1(react@18.3.1)
      styled-jsx: 5.1.1(react@18.3.1)
    optionalDependencies:
      '@next/swc-darwin-arm64': 14.2.5
      '@next/swc-darwin-x64': 14.2.5
      '@next/swc-linux-arm64-gnu': 14.2.5
      '@next/swc-linux-arm64-musl': 14.2.5
      '@next/swc-linux-x64-gnu': 14.2.5
      '@next/swc-linux-x64-musl': 14.2.5
      '@next/swc-win32-arm64-msvc': 14.2.5
      '@next/swc-win32-ia32-msvc': 14.2.5
      '@next/swc-win32-x64-msvc': 14.2.5
    transitivePeerDependencies:
      - '@babel/core'
      - babel-plugin-macros

  node-fetch@2.7.0:
    dependencies:
      whatwg-url: 5.0.0

  picocolors@1.0.1: {}

  postcss@8.4.31:
    dependencies:
      nanoid: 3.3.7
      picocolors: 1.0.1
      source-map-js: 1.2.0

  prismjs@1.29.0: {}

  react-dom@18.3.1(react@18.3.1):
    dependencies:
      loose-envify: 1.4.0
      react: 18.3.1
      scheduler: 0.23.2

  react-error-boundary@3.1.4(react@18.3.1):
    dependencies:
      '@babel/runtime': 7.25.0
      react: 18.3.1

  react@18.3.1:
    dependencies:
      loose-envify: 1.4.0

  regenerator-runtime@0.14.1: {}

  scheduler@0.23.2:
    dependencies:
      loose-envify: 1.4.0

  source-map-js@1.2.0: {}

  streamsearch@1.1.0: {}

  styled-jsx@5.1.1(react@18.3.1):
    dependencies:
      client-only: 0.0.1
      react: 18.3.1

  tr46@0.0.3: {}

  tslib@2.6.3: {}

  typescript@5.5.4: {}

  undici-types@5.26.5: {}

  use-sync-external-store@1.2.2(react@18.3.1):
    dependencies:
      react: 18.3.1

  webidl-conversions@3.0.1: {}

  whatwg-url@5.0.0:
    dependencies:
      tr46: 0.0.3
      webidl-conversions: 3.0.1

  yjs@13.6.18:
    dependencies:
      lib0: 0.2.94
